
Microsoft Visual Studio Solution File, Format Version 12.00
# Visual Studio Version 17
VisualStudioVersion = 17.9.34622.214
MinimumVisualStudioVersion = 10.0.40219.1
Project("{FAE04EC0-301F-11D3-BF4B-00C04F79EFBC}") = "Abstract", "Abstract.csproj", "{58CC93E0-E8ED-485E-A0D9-5FF96C24A577}"
EndProject
Global
	GlobalSection(SolutionConfigurationPlatforms) = preSolution
		Debug|Any CPU = Debug|Any CPU
		Release|Any CPU = Release|Any CPU
	EndGlobalSection
	GlobalSection(ProjectConfigurationPlatforms) = postSolution
		{58CC93E0-E8ED-485E-A0D9-5FF96C24A577}.Debug|Any CPU.ActiveCfg = Debug|Any CPU
		{58CC93E0-E8ED-485E-A0D9-5FF96C24A577}.Debug|Any CPU.Build.0 = Debug|Any CPU
		{58CC93E0-E8ED-485E-A0D9-5FF96C24A577}.Release|Any CPU.ActiveCfg = Release|Any CPU
		{58CC93E0-E8ED-485E-A0D9-5FF96C24A577}.Release|Any CPU.Build.0 = Release|Any CPU
	EndGlobalSection
	GlobalSection(SolutionProperties) = preSolution
		HideSolutionNode = FALSE
	EndGlobalSection
	GlobalSection(ExtensibilityGlobals) = postSolution
		SolutionGuid = {716C7816-E39A-469B-A00E-10E85D4FB755}
	EndGlobalSection
EndGlobal
